
Microsoft Visual Studio Solution File, Format Version 12.00
# Visual Studio Version 16
VisualStudioVersion = 16.0.32002.261
MinimumVisualStudioVersion = 10.0.40219.1
Project("{FAE04EC0-301F-11D3-BF4B-00C04F79EFBC}") = "Mission04_jbuhler4", "Mission04_jbuhler4\Mission04_jbuhler4.csproj", "{A17948EB-ED24-4D3C-8F0F-ED68805CF7DD}"
EndProject
Global
	GlobalSection(SolutionConfigurationPlatforms) = preSolution
		Debug|Any CPU = Debug|Any CPU
		Release|Any CPU = Release|Any CPU
	EndGlobalSection
	GlobalSection(ProjectConfigurationPlatforms) = postSolution
		{A17948EB-ED24-4D3C-8F0F-ED68805CF7DD}.Debug|Any CPU.ActiveCfg = Debug|Any CPU
		{A17948EB-ED24-4D3C-8F0F-ED68805CF7DD}.Debug|Any CPU.Build.0 = Debug|Any CPU
		{A17948EB-ED24-4D3C-8F0F-ED68805CF7DD}.Release|Any CPU.ActiveCfg = Release|Any CPU
		{A17948EB-ED24-4D3C-8F0F-ED68805CF7DD}.Release|Any CPU.Build.0 = Release|Any CPU
	EndGlobalSection
	GlobalSection(SolutionProperties) = preSolution
		HideSolutionNode = FALSE
	EndGlobalSection
	GlobalSection(ExtensibilityGlobals) = postSolution
		SolutionGuid = {F37A5238-1749-4F0D-B8BC-D3715B8A632E}
	EndGlobalSection
EndGlobal
